
Microsoft Visual Studio Solution File, Format Version 12.00
# Visual Studio Version 17
VisualStudioVersion = 17.5.002.0
MinimumVisualStudioVersion = 10.0.40219.1
Project("{9A19103F-16F7-4668-BE54-9A1E7A4F7556}") = "GdMAPI", "GdMAPI.csproj", "{8F9FE59B-150B-40A4-9DA8-95269BFBF0A4}"
EndProject
Global
	GlobalSection(SolutionConfigurationPlatforms) = preSolution
		Debug|Any CPU = Debug|Any CPU
		Release|Any CPU = Release|Any CPU
	EndGlobalSection
	GlobalSection(ProjectConfigurationPlatforms) = postSolution
		{8F9FE59B-150B-40A4-9DA8-95269BFBF0A4}.Debug|Any CPU.ActiveCfg = Debug|Any CPU
		{8F9FE59B-150B-40A4-9DA8-95269BFBF0A4}.Debug|Any CPU.Build.0 = Debug|Any CPU
		{8F9FE59B-150B-40A4-9DA8-95269BFBF0A4}.Release|Any CPU.ActiveCfg = Release|Any CPU
		{8F9FE59B-150B-40A4-9DA8-95269BFBF0A4}.Release|Any CPU.Build.0 = Release|Any CPU
	EndGlobalSection
	GlobalSection(SolutionProperties) = preSolution
		HideSolutionNode = FALSE
	EndGlobalSection
	GlobalSection(ExtensibilityGlobals) = postSolution
		SolutionGuid = {9AC3EE21-914E-49C7-9131-26C61AB383C6}
	EndGlobalSection
EndGlobal
